
Microsoft Visual Studio Solution File, Format Version 12.00
# Visual Studio 15
VisualStudioVersion = 15.0.28307.102
MinimumVisualStudioVersion = 10.0.40219.1
Project("{FAE04EC0-301F-11D3-BF4B-00C04F79EFBC}") = "Boomberman", "Boomberman\Boomberman.csproj", "{0AF08BEB-00EA-4798-BC48-6607B90FE8BE}"
EndProject
Project("{FAE04EC0-301F-11D3-BF4B-00C04F79EFBC}") = "BoomberManTest", "BoomberManTest\BoomberManTest.csproj", "{4F9D497E-8DE2-40EB-8B3C-3E2B00C965F4}"
EndProject
Global
	GlobalSection(SolutionConfigurationPlatforms) = preSolution
		Debug|Any CPU = Debug|Any CPU
		Release|Any CPU = Release|Any CPU
	EndGlobalSection
	GlobalSection(ProjectConfigurationPlatforms) = postSolution
		{0AF08BEB-00EA-4798-BC48-6607B90FE8BE}.Debug|Any CPU.ActiveCfg = Debug|Any CPU
		{0AF08BEB-00EA-4798-BC48-6607B90FE8BE}.Debug|Any CPU.Build.0 = Debug|Any CPU
		{0AF08BEB-00EA-4798-BC48-6607B90FE8BE}.Release|Any CPU.ActiveCfg = Release|Any CPU
		{0AF08BEB-00EA-4798-BC48-6607B90FE8BE}.Release|Any CPU.Build.0 = Release|Any CPU
		{4F9D497E-8DE2-40EB-8B3C-3E2B00C965F4}.Debug|Any CPU.ActiveCfg = Debug|Any CPU
		{4F9D497E-8DE2-40EB-8B3C-3E2B00C965F4}.Debug|Any CPU.Build.0 = Debug|Any CPU
		{4F9D497E-8DE2-40EB-8B3C-3E2B00C965F4}.Release|Any CPU.ActiveCfg = Release|Any CPU
		{4F9D497E-8DE2-40EB-8B3C-3E2B00C965F4}.Release|Any CPU.Build.0 = Release|Any CPU
	EndGlobalSection
	GlobalSection(SolutionProperties) = preSolution
		HideSolutionNode = FALSE
	EndGlobalSection
	GlobalSection(ExtensibilityGlobals) = postSolution
		SolutionGuid = {6F868A59-1986-4168-BA42-C899A2C90B49}
	EndGlobalSection
EndGlobal
